
Microsoft Visual Studio Solution File, Format Version 12.00
# Visual Studio Version 16
VisualStudioVersion = 16.0.33423.256
MinimumVisualStudioVersion = 10.0.40219.1
Project("{9A19103F-16F7-4668-BE54-9A1E7A4F7556}") = "product app test", "product app test\product app test.csproj", "{2CA08D72-813D-4E53-8335-43563666F4F7}"
EndProject
Global
	GlobalSection(SolutionConfigurationPlatforms) = preSolution
		Debug|Any CPU = Debug|Any CPU
		Release|Any CPU = Release|Any CPU
	EndGlobalSection
	GlobalSection(ProjectConfigurationPlatforms) = postSolution
		{2CA08D72-813D-4E53-8335-43563666F4F7}.Debug|Any CPU.ActiveCfg = Debug|Any CPU
		{2CA08D72-813D-4E53-8335-43563666F4F7}.Debug|Any CPU.Build.0 = Debug|Any CPU
		{2CA08D72-813D-4E53-8335-43563666F4F7}.Release|Any CPU.ActiveCfg = Release|Any CPU
		{2CA08D72-813D-4E53-8335-43563666F4F7}.Release|Any CPU.Build.0 = Release|Any CPU
	EndGlobalSection
	GlobalSection(SolutionProperties) = preSolution
		HideSolutionNode = FALSE
	EndGlobalSection
	GlobalSection(ExtensibilityGlobals) = postSolution
		SolutionGuid = {467A4B49-335D-4148-81C0-82EAC205769B}
	EndGlobalSection
EndGlobal
